version = 1
revision = 1
requires-python = ">=3.12"

[[package]]
name = "aws-lambda-powertools"
version = "3.29.0"
source = { registry = "https://pypi.org/simple" }
dependencies = [
    { name = "jmespath" },
    { name = "typing-extensions" },
]
sdist = { url = "https://files.pythonhosted.org/packages/a5/a0/1b2f916731388692d037f961450ba8e6ec4567e4729a6b0d23a534cea9ec/aws_lambda_powertools-3.29.0.tar.gz", hash = "sha256:a81ce122356343878e095a11bd38f3e9a70f3fa0fea57b10b327d1e8dfe82b6e", size = 785177 }
wheels = [
    { url = "https://files.pythonhosted.org/packages/bc/0f/ba8da75a8bd0f0c180be1ebf7ff73e8c2843b77ca9cc8a7945e6c92e4e4a/aws_lambda_powertools-3.29.0-py3-none-any.whl", hash = "sha256:e9ca87b5a8a835a7f7e327d5bafa43b6e0c150c6cb8c6b42158b0814377edc7a", size = 935956 },
]

[package.optional-dependencies]
tracer = [
    { name = "aws-xray-sdk" },
]

[[package]]
name = "aws-xray-sdk"
version = "2.15.0"
source = { registry = "https://pypi.org/simple" }
dependencies = [
    { name = "botocore" },
    { name = "wrapt" },
]
sdist = { url = "https://files.pythonhosted.org/packages/14/25/0cbd7a440080def5e6f063720c3b190a25f8aa2938c1e34415dc18241596/aws_xray_sdk-2.15.0.tar.gz", hash = "sha256:794381b96e835314345068ae1dd3b9120bd8b4e21295066c37e8814dbb341365", size = 76315 }
wheels = [
    { url = "https://files.pythonhosted.org/packages/ef/c3/f30a7a63e664acc7c2545ca0491b6ce8264536e0e5cad3965f1d1b91e960/aws_xray_sdk-2.15.0-py2.py3-none-any.whl", hash = "sha256:422d62ad7d52e373eebb90b642eb1bb24657afe03b22a8df4a8b2e5108e278a3", size = 103228 },
]

[[package]]
name = "binaryrain-helper-cloud-aws"
version = "1.0.14"
source = { editable = "." }
dependencies = [
    { name = "aws-lambda-powertools", extra = ["tracer"] },
    { name = "boto3" },
    { name = "urllib3" },
]

[package.metadata]
requires-dist = [
    { name = "aws-lambda-powertools", extras = ["tracer"] },
    { name = "boto3" },
    { name = "urllib3" },
]

[[package]]
name = "boto3"
version = "1.43.25"
source = { registry = "https://pypi.org/simple" }
dependencies = [
    { name = "botocore" },
    { name = "jmespath" },
    { name = "s3transfer" },
]
sdist = { url = "https://files.pythonhosted.org/packages/b5/d0/9154ca8bd6051a55102a5c8bb077b15959681a5f4dcf614a423afaefdf83/boto3-1.43.25.tar.gz", hash = "sha256:91f3deb0dfc32403a187f57c19a78dc8e38d25ee2967a511fa8905acf00cc074", size = 113169 }
wheels = [
    { url = "https://files.pythonhosted.org/packages/82/89/d27be8bb3dc72a6d1d1d8f9e039e89ae86827c05c47385d78a1d964571f4/boto3-1.43.25-py3-none-any.whl", hash = "sha256:e4e2515533a1593eb2302e9eda5baf4e1510abb219b41dd0db4696cc21bc5039", size = 140538 },
]

[[package]]
name = "botocore"
version = "1.43.25"
source = { registry = "https://pypi.org/simple" }
dependencies = [
    { name = "jmespath" },
    { name = "python-dateutil" },
    { name = "urllib3" },
]
sdist = { url = "https://files.pythonhosted.org/packages/ad/03/9dc102506c3ebc3758a9e8602e7dafb78789993bcac5daa82398b56ae884/botocore-1.43.25.tar.gz", hash = "sha256:faab543ca6ae6f8fdc5f6318240bebfb8c05cd25823715fe02aad7edf0c4b383", size = 15478403 }
wheels = [
    { url = "https://files.pythonhosted.org/packages/41/a5/6ceef332b18c348be9ec26aeff0da5b3f7ea046bf3fc654feecf6974c4d9/botocore-1.43.25-py3-none-any.whl", hash = "sha256:ef1d210ac9085ea0e5fc6ad2e63f0c7e97103c74f52156bf944289aaf6278d1b", size = 15161721 },
]

[[package]]
name = "jmespath"
version = "1.1.0"
source = { registry = "https://pypi.org/simple" }
sdist = { url = "https://files.pythonhosted.org/packages/d3/59/322338183ecda247fb5d1763a6cbe46eff7222eaeebafd9fa65d4bf5cb11/jmespath-1.1.0.tar.gz", hash = "sha256:472c87d80f36026ae83c6ddd0f1d05d4e510134ed462851fd5f754c8c3cbb88d", size = 27377 }
wheels = [
    { url = "https://files.pythonhosted.org/packages/14/2f/967ba146e6d58cf6a652da73885f52fc68001525b4197effc174321d70b4/jmespath-1.1.0-py3-none-any.whl", hash = "sha256:a5663118de4908c91729bea0acadca56526eb2698e83de10cd116ae0f4e97c64", size = 20419 },
]

[[package]]
name = "python-dateutil"
version = "2.9.0.post0"
source = { registry = "https://pypi.org/simple" }
dependencies = [
    { name = "six" },
]
sdist = { url = "https://files.pythonhosted.org/packages/66/c0/0c8b6ad9f17a802ee498c46e004a0eb49bc148f2fd230864601a86dcf6db/python-dateutil-2.9.0.post0.tar.gz", hash = "sha256:37dd54208da7e1cd875388217d5e00ebd4179249f90fb72437e91a35459a0ad3", size = 342432 }
wheels = [
    { url = "https://files.pythonhosted.org/packages/ec/57/56b9bcc3c9c6a792fcbaf139543cee77261f3651ca9da0c93f5c1221264b/python_dateutil-2.9.0.post0-py2.py3-none-any.whl", hash = "sha256:a8b2bc7bffae282281c8140a97d3aa9c14da0b136dfe83f850eea9a5f7470427", size = 229892 },
]

[[package]]
name = "s3transfer"
version = "0.18.0"
source = { registry = "https://pypi.org/simple" }
dependencies = [
    { name = "botocore" },
]
sdist = { url = "https://files.pythonhosted.org/packages/e0/1f/12417f7f493fc45e1f9fd5d4a9b6c125cf8d2cf3f8ddbdfab3e76406e9d6/s3transfer-0.18.0.tar.gz", hash = "sha256:3760b8b7ec1315da54048b2d626276732bee4300d054d492d4e1d43e20d4ecbd", size = 160560 }
wheels = [
    { url = "https://files.pythonhosted.org/packages/2b/58/a58fc997655386daa2e25784e30c288aa3e3819e401f77029ee4899fb55a/s3transfer-0.18.0-py3-none-any.whl", hash = "sha256:239c13b09e65ad0346e1be7348b8a202dcad44ac7ea7c6eb858fc881dce739b6", size = 88572 },
]

[[package]]
name = "six"
version = "1.17.0"
source = { registry = "https://pypi.org/simple" }
sdist = { url = "https://files.pythonhosted.org/packages/94/e7/b2c673351809dca68a0e064b6af791aa332cf192da575fd474ed7d6f16a2/six-1.17.0.tar.gz", hash = "sha256:ff70335d468e7eb6ec65b95b99d3a2836546063f63acc5171de367e834932a81", size = 34031 }
wheels = [
    { url = "https://files.pythonhosted.org/packages/b7/ce/149a00dd41f10bc29e5921b496af8b574d8413afcd5e30dfa0ed46c2cc5e/six-1.17.0-py2.py3-none-any.whl", hash = "sha256:4721f391ed90541fddacab5acf947aa0d3dc7d27b2e1e8eda2be8970586c3274", size = 11050 },
]

[[package]]
name = "typing-extensions"
version = "4.15.0"
source = { registry = "https://pypi.org/simple" }
sdist = { url = "https://files.pythonhosted.org/packages/72/94/1a15dd82efb362ac84269196e94cf00f187f7ed21c242792a923cdb1c61f/typing_extensions-4.15.0.tar.gz", hash = "sha256:0cea48d173cc12fa28ecabc3b837ea3cf6f38c6d1136f85cbaaf598984861466", size = 109391 }
wheels = [
    { url = "https://files.pythonhosted.org/packages/18/67/36e9267722cc04a6b9f15c7f3441c2363321a3ea07da7ae0c0707beb2a9c/typing_extensions-4.15.0-py3-none-any.whl", hash = "sha256:f0fa19c6845758ab08074a0cfa8b7aecb71c999ca73d62883bc25cc018c4e548", size = 44614 },
]

[[package]]
name = "urllib3"
version = "2.7.0"
source = { registry = "https://pypi.org/simple" }
sdist = { url = "https://files.pythonhosted.org/packages/53/0c/06f8b233b8fd13b9e5ee11424ef85419ba0d8ba0b3138bf360be2ff56953/urllib3-2.7.0.tar.gz", hash = "sha256:231e0ec3b63ceb14667c67be60f2f2c40a518cb38b03af60abc813da26505f4c", size = 433602 }
wheels = [
    { url = "https://files.pythonhosted.org/packages/7f/3e/5db95bcf282c52709639744ca2a8b149baccf648e39c8cc87553df9eae0c/urllib3-2.7.0-py3-none-any.whl", hash = "sha256:9fb4c81ebbb1ce9531cce37674bbc6f1360472bc18ca9a553ede278ef7276897", size = 131087 },
]

[[package]]
name = "wrapt"
version = "2.2.1"
source = { registry = "https://pypi.org/simple" }
sdist = { url = "https://files.pythonhosted.org/packages/2d/9f/06263fcd8ad6c405f05a3905fd7a84dd3176eb5ad46e44bccc0cd16348bb/wrapt-2.2.1.tar.gz", hash = "sha256:6744f504375775d7609c82c8d3d94af1c9a6f05586984536905908ba905277b9", size = 127620 }
wheels = [
    { url = "https://files.pythonhosted.org/packages/89/0c/bfae7b9401583b6d05938cd16dedc43857d96da2f8a3d50d78cc515bf6ff/wrapt-2.2.1-cp312-cp312-macosx_10_13_x86_64.whl", hash = "sha256:3ffad790d9d11d8ecf9f17c4bb671a5b4089e4d8b575c46c5129597f41f836b0", size = 81021 },
    { url = "https://files.pythonhosted.org/packages/26/58/80f6a6599f933f4caecc1cb3ee88a04faf81e8b9bddbd6109c688dd63e0f/wrapt-2.2.1-cp312-cp312-macosx_11_0_arm64.whl", hash = "sha256:628f5220c7a904d5fc78f7075c8d7871433eb6d035c94728a22fdf85f193d2a8", size = 81692 },
    { url = "https://files.pythonhosted.org/packages/17/93/fb357cc7847c58a8ae790be718903afa81a28d23e642c843dc4129e8a0b2/wrapt-2.2.1-cp312-cp312-manylinux1_x86_64.manylinux_2_28_x86_64.manylinux_2_5_x86_64.whl", hash = "sha256:61acce4257a9883669703c525447c5b4c392edf0f987ae77ec32668440158f0e", size = 169364 },
    { url = "https://files.pythonhosted.org/packages/aa/0b/76b601ee309a8bd556af0eecb184394c20b3c49aa9c8e085aa1ffacc2568/wrapt-2.2.1-cp312-cp312-manylinux2014_aarch64.manylinux_2_17_aarch64.manylinux_2_28_aarch64.whl", hash = "sha256:727ab4244622cd6ad2390f322642090c877d2e83a608d2653a7643ae5368d926", size = 171079 },
    { url = "https://files.pythonhosted.org/packages/cd/87/ee3f32d5658e3e26d3e0e457922b47a36dd3bfbdfee7f97bb3e802344a66/wrapt-2.2.1-cp312-cp312-manylinux_2_31_riscv64.manylinux_2_39_riscv64.whl", hash = "sha256:03df9ebed4c73ab93fa8c07e3d41d818dfca1852b15731a3de59457b27814624", size = 160205 },
    { url = "https://files.pythonhosted.org/packages/b1/d0/ae2fd64277a67f5d7bffcf2d05eea1e476263fb2a072baf0b0129ab85984/wrapt-2.2.1-cp312-cp312-musllinux_1_2_aarch64.whl", hash = "sha256:0d9ff006f420b2ec8296aa56ade43ea7da3e997e85769f0aafc5e0661aacb710", size = 168922 },
    { url = "https://files.pythonhosted.org/packages/b1/f3/2d541a060c5bbafb9400bca4917e4d78bfd1f239f404782c86831a8f6b29/wrapt-2.2.1-cp312-cp312-musllinux_1_2_riscv64.whl", hash = "sha256:844c858fc3bb7eacc0ba8efa904935d16aac6a4470948ad1e7e55c9f5a2a665f", size = 158388 },
    { url = "https://files.pythonhosted.org/packages/1d/68/8d92c8800c57e93cb116ae9e9d6cbafc34fade5ee9f9107b6f203fb4dc35/wrapt-2.2.1-cp312-cp312-musllinux_1_2_x86_64.whl", hash = "sha256:87bacdaf225117a342a20d9c03438d701c02112f6e3f351ce9b7f32354f14797", size = 167682 },
    { url = "https://files.pythonhosted.org/packages/30/72/83ea3790ea352439442349388e29ff07b76e0686265f9088bbb505d1608d/wrapt-2.2.1-cp312-cp312-win32.whl", hash = "sha256:2f8c90c8afde51969487be4e1343ae049b268854877d415c2510baf833775052", size = 77857 },
    { url = "https://files.pythonhosted.org/packages/ef/cb/99450668dd3502d62a54a1c8aa56e44f34cb8c1261b381cfe2e7926c3b75/wrapt-2.2.1-cp312-cp312-win_amd64.whl", hash = "sha256:6ce32763ac31ce94fe9aada947e479b1975012bff166da409b4b9e4e376cf7e5", size = 80825 },
    { url = "https://files.pythonhosted.org/packages/e6/3a/87512881be64e743f9ee4c66f4cbe8e884974bef2a5989af71f999653ac7/wrapt-2.2.1-cp312-cp312-win_arm64.whl", hash = "sha256:8d1b4d0e0c2119587a31f5c029abd547e0c81d93b89d394566fe1588659eb579", size = 79087 },
    { url = "https://files.pythonhosted.org/packages/88/d1/a1b08f8f4fac8cbb156fa51cf64ee2c7f7f74f9875ba3cf70b3c58368694/wrapt-2.2.1-cp313-cp313-macosx_10_13_x86_64.whl", hash = "sha256:d2beb1c7cab10603aecdc42f8edd6ff013f9a32e4543474e38e6b77ce9975aeb", size = 80831 },
    { url = "https://files.pythonhosted.org/packages/54/ce/57890814991446a845e09b3445ce8b694f27eb0577004f2c2a36a9772ed4/wrapt-2.2.1-cp313-cp313-macosx_11_0_arm64.whl", hash = "sha256:e0cb7e4dd71f4c32e5e84843cd3c4cd65dda034314004bbe1d7f99af2426ab80", size = 81375 },
    { url = "https://files.pythonhosted.org/packages/38/65/08d7a6c76ac4493bdb668205ee9c1de1bd5daca61717c3e9aa49b4c01499/wrapt-2.2.1-cp313-cp313-manylinux1_x86_64.manylinux_2_28_x86_64.manylinux_2_5_x86_64.whl", hash = "sha256:95821352042722cd9f1108874579a47989d0a7e12a37d87d2fc4af20fd99ab8a", size = 167417 },
    { url = "https://files.pythonhosted.org/packages/62/ce/f1ccbee7a1bfe5cdc6b3da6bab4b45713d628b9294da32a39f563d648140/wrapt-2.2.1-cp313-cp313-manylinux2014_aarch64.manylinux_2_17_aarch64.manylinux_2_28_aarch64.whl", hash = "sha256:abd621552ede77c4c69be7fac44ba911225b0c812b6ba604e5964cf98085b474", size = 166948 },
    { url = "https://files.pythonhosted.org/packages/86/2a/f85d48d1cd4869aee6704028d257d740a47c1c467b457ce396b4b5b55d07/wrapt-2.2.1-cp313-cp313-manylinux_2_31_riscv64.manylinux_2_39_riscv64.whl", hash = "sha256:e3677c7146ce694874941ba82b57092cc4875445aadf29d72807351023105143", size = 158148 },
    { url = "https://files.pythonhosted.org/packages/fe/5c/93939ad11d4a12358ab1aab219a2ef5efa5612e0db6b9fc65af8af1a891b/wrapt-2.2.1-cp313-cp313-musllinux_1_2_aarch64.whl", hash = "sha256:9a5934eaea872e17936b5f45501eba5ab0bce9a74122e172b663d7c28c459c4a", size = 165905 },
    { url = "https://files.pythonhosted.org/packages/e0/22/b8c2aa89862ff58605934d7abf4b70e6a5a1c33df96656f49035ccdf1c8a/wrapt-2.2.1-cp313-cp313-musllinux_1_2_riscv64.whl", hash = "sha256:f5b9daf6b629fce418e0cc3dd0436eac045188fa35deadb7a7f3941d5b8203f9", size = 156712 },
    { url = "https://files.pythonhosted.org/packages/5d/78/bf00a7b02239c12bb02ddcc3c0b971bfcc36e578c5a44f1ccfef5b458545/wrapt-2.2.1-cp313-cp313-musllinux_1_2_x86_64.whl", hash = "sha256:f53ac9f3ef573326d009ed809beff4efcac6451931c2b8132586da4b9e53ff31", size = 166560 },
    { url = "https://files.pythonhosted.org/packages/fe/93/6390ca9c5b787683cef588d04f57c8d41b9a2323b5597a65f18638c90ef2/wrapt-2.2.1-cp313-cp313-win32.whl", hash = "sha256:1ffa9cfd4bdb581539951b14ae661ff20ed0c3599b3e911a131ee0ec5ac11337", size = 77817 },
    { url = "https://files.pythonhosted.org/packages/97/73/ce10f0e71c0cfaa1a65faadb8efd4852028b3bb9ba28932b8889df769d38/wrapt-2.2.1-cp313-cp313-win_amd64.whl", hash = "sha256:368eac1e20fd0bb03dd3cc42bf9887154c3861b60989389ccb5fac032617d215", size = 80736 },
    { url = "https://files.pythonhosted.org/packages/c7/4c/89f4a6818fafbbd840330e4fa3873073e1bfc166133a64cac7f8fde7a5e3/wrapt-2.2.1-cp313-cp313-win_arm64.whl", hash = "sha256:c754dafdf5aaf0b401b644a90a30046929a0dd1a536e0ff0ec959a59155d9c7f", size = 79099 },
    { url = "https://files.pythonhosted.org/packages/bf/f2/9a8741c46f8c208ac0a45b25ba170bcb4fb72a2781d5fb97dbd7b6be73cb/wrapt-2.2.1-cp313-cp313t-macosx_10_13_x86_64.whl", hash = "sha256:ed928d0fda15fc0adc8d13305c8b3c0f2fba5b0669950c9e6d019d9162a3b3e8", size = 82802 },
    { url = "https://files.pythonhosted.org/packages/9c/0d/e9c855716a3705eef1416456bdf062b60620726fdc59428ff670fc3c60dc/wrapt-2.2.1-cp313-cp313t-macosx_11_0_arm64.whl", hash = "sha256:fafb4e739e43544d12cb4abd1605fd4683b6ca6a9ad682b7fd8f4d21973eafa8", size = 83329 },
    { url = "https://files.pythonhosted.org/packages/3b/d6/a88f1c13112b7831adac75cea65d8310e0d696d570c8961844c90a57b865/wrapt-2.2.1-cp313-cp313t-manylinux1_x86_64.manylinux_2_28_x86_64.manylinux_2_5_x86_64.whl", hash = "sha256:74d6a0c31472fe5d814917266b9f46495d7c61ed890af08b468acea92fb89a8d", size = 202937 },
    { url = "https://files.pythonhosted.org/packages/42/65/e29d54aef06a4d898a5b8a25589a0b3769bde454f922fad8f6f89fbfb650/wrapt-2.2.1-cp313-cp313t-manylinux2014_aarch64.manylinux_2_17_aarch64.manylinux_2_28_aarch64.whl", hash = "sha256:ab5be648d5a0b86b7438864f8df3c705a65cef35a2fd3e5561e3e203167e0f27", size = 209997 },
    { url = "https://files.pythonhosted.org/packages/2a/91/e4454263516cf0e12640912fbca9a83654e424f0a6ddb79f5cd7ce14bf33/wrapt-2.2.1-cp313-cp313t-manylinux_2_31_riscv64.manylinux_2_39_riscv64.whl", hash = "sha256:9d8f204c8e3a8bf9ece17e0a83d137fd807440977f8a5e762d59306795011440", size = 194856 },
    { url = "https://files.pythonhosted.org/packages/de/d0/fe0ee202286afdf4a7f77dd29f195703145764d572aec209c5086e57d924/wrapt-2.2.1-cp313-cp313t-musllinux_1_2_aarch64.whl", hash = "sha256:d047f6498c973874ba08ac3f97c69a2c4b2211c8de6f4c205f75cb1c9522596e", size = 205654 },
    { url = "https://files.pythonhosted.org/packages/23/b6/87d860dfc6460c246af70b1fd5c8b76df77571b42a493459423ded94fd7d/wrapt-2.2.1-cp313-cp313t-musllinux_1_2_riscv64.whl", hash = "sha256:7a4fdb9326aab4a5a477a1640e5ad786a8495901009d7e7b038371edd23a9d2b", size = 192206 },
    { url = "https://files.pythonhosted.org/packages/df/46/3eea8cde077d985f239a38c0257087b8064fd9ee9b1a99e282d2c86da4ef/wrapt-2.2.1-cp313-cp313t-musllinux_1_2_x86_64.whl", hash = "sha256:c8cc5094b08abeae52da9c73c8a32003623be691a5193df2f4e3eac3d557c394", size = 198428 },
    { url = "https://files.pythonhosted.org/packages/18/dc/b927ee9c7fc67adc3a5658f246a0d275425eb840ba36e7b702e70f18bde8/wrapt-2.2.1-cp313-cp313t-win32.whl", hash = "sha256:9907a4402ab6db12b7077a0ea5d7a4d028ecb22c8eee2b53527080d347cd1562", size = 79448 },
    { url = "https://files.pythonhosted.org/packages/ec/b3/fd30b473fe498c70e6b9a5f328b8d3fbaf1b8c3c481465f59724bba8eb70/wrapt-2.2.1-cp313-cp313t-win_amd64.whl", hash = "sha256:5590d63f5243251641cf543009b4c9314a79d0598fdb8a8e4cfc918494536c53", size = 83021 },
    { url = "https://files.pythonhosted.org/packages/ee/f3/96c39153a8737a6e9aa85adef254ac4195bea3f2d24efc60472ccc3c9e2e/wrapt-2.2.1-cp313-cp313t-win_arm64.whl", hash = "sha256:c318a64b53d97b841d7b5e637517e50a27be64bc695128422953d4b21710954e", size = 80295 },
    { url = "https://files.pythonhosted.org/packages/0a/a3/11d7f34ebbf3231bc907a3e6d5ee051b14d034c1bc7b65a97d5cc00516df/wrapt-2.2.1-cp314-cp314-macosx_10_15_x86_64.whl", hash = "sha256:6f56a647e4eaf5f0ca40330fb070f566bdf9f7b0db89a1af20d71c28dcd7a0ab", size = 80879 },
    { url = "https://files.pythonhosted.org/packages/13/3c/b74cfd984cef560b900fb1a727af20352d89e1f06bf2e1114dd3f00f5f5a/wrapt-2.2.1-cp314-cp314-macosx_11_0_arm64.whl", hash = "sha256:64b7deeda4b70408e382328d8bbe52a256fe9bc63ae3db86d804608367e5422c", size = 81462 },
    { url = "https://files.pythonhosted.org/packages/15/a3/7c8f704b8dc07dfe0a5d01c2edbfd88317aa8e5e3fa7c743eb7a085ae767/wrapt-2.2.1-cp314-cp314-manylinux1_x86_64.manylinux_2_28_x86_64.manylinux_2_5_x86_64.whl", hash = "sha256:b9cf53ba90717db2e292401de290776c498d4bbfb0d4a559ca2895db8b9dcb5c", size = 167251 },
    { url = "https://files.pythonhosted.org/packages/80/85/a34d1888d97247da6c2ff6118c3a721c73ed8cc4dd198c00208bb73b6f80/wrapt-2.2.1-cp314-cp314-manylinux2014_aarch64.manylinux_2_17_aarch64.manylinux_2_28_aarch64.whl", hash = "sha256:cf3638274ab9d9b724c9baa0b4c04e132cd6faefb78b4dd3dd1a02a4bdaad41e", size = 166316 },
    { url = "https://files.pythonhosted.org/packages/e9/d7/72ffaeb01eebc704afe3fb99e840480f4bda45f0fa66e3381b6a39251c8f/wrapt-2.2.1-cp314-cp314-manylinux_2_31_riscv64.manylinux_2_39_riscv64.whl", hash = "sha256:aed9658797d0b45d6c49adcfc6b41f66e6f2d0c6de3ec79e16cf4b1855df240f", size = 157952 },
    { url = "https://files.pythonhosted.org/packages/24/5b/36f5d6b024e4edfdd90b140742d11ebcf7836daf5c9daf326c55c24db412/wrapt-2.2.1-cp314-cp314-musllinux_1_2_aarch64.whl", hash = "sha256:1d676ee388bc42a04d56dd7deb5605244dac2e35cc2fadbb43c9fa25bbd93508", size = 166130 },
    { url = "https://files.pythonhosted.org/packages/81/06/9296d9e97bfdef5483dfcc859d57b095b257144b2bc5300ab521e06f4bc7/wrapt-2.2.1-cp314-cp314-musllinux_1_2_riscv64.whl", hash = "sha256:e395f7bc31851ef9b612050368cb446e9bc14cd7454b025018980349caf25ae5", size = 156604 },
    { url = "https://files.pythonhosted.org/packages/53/37/16953929ed6776175720e58fc966e779926d8d71e2c7b2273230590ca71f/wrapt-2.2.1-cp314-cp314-musllinux_1_2_x86_64.whl", hash = "sha256:5f1845c2a8cc1180ccccfa45785dd06f562730d19ef75be180334254012b6283", size = 166007 },
    { url = "https://files.pythonhosted.org/packages/b9/73/20ee58c0612dae7c31131a7095345812ed2c7b389019e175f68cde34e5b4/wrapt-2.2.1-cp314-cp314-win32.whl", hash = "sha256:436addbc4bb4fc0a88c702577f51195d7d73683a7f3e0e5b253d8404d7847243", size = 78327 },
    { url = "https://files.pythonhosted.org/packages/22/b3/ef7c3295d02e0448a71c639a36a057f46d524d057c9486291a7a3039e65c/wrapt-2.2.1-cp314-cp314-win_amd64.whl", hash = "sha256:50972a1d974ea07725a7f6b1cec5f8759008afd030a0024843ebe7d52de47f2b", size = 81144 },
    { url = "https://files.pythonhosted.org/packages/ac/dc/7bdf336953f99f4ceb0a584bb8870e42c8f26f93ea10c87834dad62f1668/wrapt-2.2.1-cp314-cp314-win_arm64.whl", hash = "sha256:1c9934ea5d92957e3cd0adbc0845539dccfd62710ebe16195a8c66c53954db36", size = 79569 },
    { url = "https://files.pythonhosted.org/packages/6a/6d/6dfae80150ff1919c356d1dd528f049bcdfaae29b4d284bc957e022caef4/wrapt-2.2.1-cp314-cp314t-macosx_10_15_x86_64.whl", hash = "sha256:17de18fc12cea55b8a9587314cb830573e37fb33b247a7515696350863714188", size = 82892 },
    { url = "https://files.pythonhosted.org/packages/82/7b/4e34766a7d7804ffce9e71befe47e9b3225dc350c49c94493c4ab39fd3a5/wrapt-2.2.1-cp314-cp314t-macosx_11_0_arm64.whl", hash = "sha256:a9dec1aca52dddde7df94818310fa2fe79739c8f385b2014c4cb1035f5508199", size = 83333 },
    { url = "https://files.pythonhosted.org/packages/9d/57/0b34db3e8de44ccfece62d7b337abd1631dd810f5adc5f3db571727836b5/wrapt-2.2.1-cp314-cp314t-manylinux1_x86_64.manylinux_2_28_x86_64.manylinux_2_5_x86_64.whl", hash = "sha256:69f2e9244542cb34dd59c7f073445b9e54ad9f3fce8d93606c368a1b499fc413", size = 202899 },
    { url = "https://files.pythonhosted.org/packages/e5/45/ac0c459f154b99d92789a6cba7ca727185b83513b986f8ec7fe2aacddcbf/wrapt-2.2.1-cp314-cp314t-manylinux2014_aarch64.manylinux_2_17_aarch64.manylinux_2_28_aarch64.whl", hash = "sha256:2d83966dc7f4f45e8b97b5933685ac2e6e67fc0e19246ea314bceb9a8970c956", size = 209986 },
    { url = "https://files.pythonhosted.org/packages/b7/e4/77e37ff33ad018fa81ade52c25fa327b80b56f81d734279a63614fcb4cbc/wrapt-2.2.1-cp314-cp314t-manylinux_2_31_riscv64.manylinux_2_39_riscv64.whl", hash = "sha256:78b0aa6bfb7be8deed0ab23e7aa028cc5210c29bc2d32a04d52b50e517a7307e", size = 194893 },
    { url = "https://files.pythonhosted.org/packages/dd/9d/7ea651d1ab032fc5fa222fbec91d0f8a1397f6ae04ebb93fa7219aa921d7/wrapt-2.2.1-cp314-cp314t-musllinux_1_2_aarch64.whl", hash = "sha256:05d5cb74d1b232ec8cfa130a8f900708699ff2491d97b8f85a4cdc5996294b85", size = 205636 },
    { url = "https://files.pythonhosted.org/packages/09/af/8e88031a701275b9085c54e64bc88c0b1cd55c77eadd400691c371cd76c4/wrapt-2.2.1-cp314-cp314t-musllinux_1_2_riscv64.whl", hash = "sha256:f6518b94edb9150452e9aba08027d4cc293433753ec1fbefb4629a21cbc74181", size = 192267 },
    { url = "https://files.pythonhosted.org/packages/bf/a8/e657ca876b06710194f243d81c4b0896ade646e244bdbec2d87c8c56a8bd/wrapt-2.2.1-cp314-cp314t-musllinux_1_2_x86_64.whl", hash = "sha256:ed55af48b3eb28f43228ca2306788892bcb629eb2b5c4876e2a3659872c2f17a", size = 198378 },
    { url = "https://files.pythonhosted.org/packages/c8/59/822efe4ea722a3961331bfa35b7d90937790d2c20f0616de1997ccc3aebd/wrapt-2.2.1-cp314-cp314t-win32.whl", hash = "sha256:2e08688ab16525897da6589d56d0aebaf417bbe91c2d8e3b96203b1efa596e85", size = 80226 },
    { url = "https://files.pythonhosted.org/packages/ab/31/2a7dc5f6abb2fca0b6e1610e120419f603650aceb4f1d3ac4cae0354e162/wrapt-2.2.1-cp314-cp314t-win_amd64.whl", hash = "sha256:fd0135d34387f5fd087d9be368ea77ea89cf2451dc1cd1c622d35021bcb3ab50", size = 83835 },
    { url = "https://files.pythonhosted.org/packages/9f/c0/782b86e28d1ceebeb74cccea12d2cd3d2ba0bd68e3dec20b1bc5873f6127/wrapt-2.2.1-cp314-cp314t-win_arm64.whl", hash = "sha256:f70db64e8266d7c45d3b735f2e08eeb434b5e03da9a479ae42b2e2e486a21a00", size = 80722 },
    { url = "https://files.pythonhosted.org/packages/53/46/29ac9daf11a86c22a8c38cd9236c62928ccae83f7ceb06bd3b0467cf9d05/wrapt-2.2.1-py3-none-any.whl", hash = "sha256:3aafea2975caef8ca49400640dde02cc7426e798f24870ed01f490bc3cffd32f", size = 61000 },
]
